
Microsoft Visual Studio Solution File, Format Version 12.00
# Visual Studio Version 17
VisualStudioVersion = 17.4.33205.214
MinimumVisualStudioVersion = 10.0.40219.1
Project("{9A19103F-16F7-4668-BE54-9A1E7A4F7556}") = "GameExample", "GameExample\GameExample.csproj", "{F86F56FA-2F04-420E-A413-EF0D8909F2A6}"
EndProject
Project("{9A19103F-16F7-4668-BE54-9A1E7A4F7556}") = "NetworkingExample", "NetworkingExample\NetworkingExample.csproj", "{2B3FE06F-BB6E-4C34-9F48-CF9862D01E96}"
EndProject
Project("{9A19103F-16F7-4668-BE54-9A1E7A4F7556}") = "The BFME API by MarcellVokk", "The BFME API\The BFME API by MarcellVokk.csproj", "{3084446C-9A98-4D7A-A5AE-5D1B510B1DDF}"
EndProject
Global
	GlobalSection(SolutionConfigurationPlatforms) = preSolution
		Debug|Any CPU = Debug|Any CPU
		Release|Any CPU = Release|Any CPU
	EndGlobalSection
	GlobalSection(ProjectConfigurationPlatforms) = postSolution
		{F86F56FA-2F04-420E-A413-EF0D8909F2A6}.Debug|Any CPU.ActiveCfg = Debug|Any CPU
		{F86F56FA-2F04-420E-A413-EF0D8909F2A6}.Debug|Any CPU.Build.0 = Debug|Any CPU
		{F86F56FA-2F04-420E-A413-EF0D8909F2A6}.Release|Any CPU.ActiveCfg = Release|Any CPU
		{F86F56FA-2F04-420E-A413-EF0D8909F2A6}.Release|Any CPU.Build.0 = Release|Any CPU
		{2B3FE06F-BB6E-4C34-9F48-CF9862D01E96}.Debug|Any CPU.ActiveCfg = Debug|Any CPU
		{2B3FE06F-BB6E-4C34-9F48-CF9862D01E96}.Debug|Any CPU.Build.0 = Debug|Any CPU
		{2B3FE06F-BB6E-4C34-9F48-CF9862D01E96}.Release|Any CPU.ActiveCfg = Release|Any CPU
		{2B3FE06F-BB6E-4C34-9F48-CF9862D01E96}.Release|Any CPU.Build.0 = Release|Any CPU
		{3084446C-9A98-4D7A-A5AE-5D1B510B1DDF}.Debug|Any CPU.ActiveCfg = Debug|Any CPU
		{3084446C-9A98-4D7A-A5AE-5D1B510B1DDF}.Debug|Any CPU.Build.0 = Debug|Any CPU
		{3084446C-9A98-4D7A-A5AE-5D1B510B1DDF}.Release|Any CPU.ActiveCfg = Release|Any CPU
		{3084446C-9A98-4D7A-A5AE-5D1B510B1DDF}.Release|Any CPU.Build.0 = Release|Any CPU
	EndGlobalSection
	GlobalSection(SolutionProperties) = preSolution
		HideSolutionNode = FALSE
	EndGlobalSection
	GlobalSection(ExtensibilityGlobals) = postSolution
		SolutionGuid = {C2AFBD30-6C83-4DA7-B5CB-2EEB2E956181}
	EndGlobalSection
EndGlobal
